
Microsoft Visual Studio Solution File, Format Version 12.00
# Visual Studio Version 16
VisualStudioVersion = 16.0.30804.86
MinimumVisualStudioVersion = 10.0.40219.1
Project("{FAE04EC0-301F-11D3-BF4B-00C04F79EFBC}") = "hrdina a drak", "hrdina a drak\hrdina a drak.csproj", "{B6D6C091-83F2-4E2B-ACED-C60257B56561}"
EndProject
Project("{FAE04EC0-301F-11D3-BF4B-00C04F79EFBC}") = "HrdinaADrak_NETStandard", "HrdinaADrak_NETStandard\HrdinaADrak_NETStandard.csproj", "{CE07AC13-2995-4E89-8F91-2004ACC25594}"
EndProject
Global
	GlobalSection(SolutionConfigurationPlatforms) = preSolution
		Debug|Any CPU = Debug|Any CPU
		Release|Any CPU = Release|Any CPU
	EndGlobalSection
	GlobalSection(ProjectConfigurationPlatforms) = postSolution
		{B6D6C091-83F2-4E2B-ACED-C60257B56561}.Debug|Any CPU.ActiveCfg = Debug|Any CPU
		{B6D6C091-83F2-4E2B-ACED-C60257B56561}.Debug|Any CPU.Build.0 = Debug|Any CPU
		{B6D6C091-83F2-4E2B-ACED-C60257B56561}.Release|Any CPU.ActiveCfg = Release|Any CPU
		{B6D6C091-83F2-4E2B-ACED-C60257B56561}.Release|Any CPU.Build.0 = Release|Any CPU
		{CE07AC13-2995-4E89-8F91-2004ACC25594}.Debug|Any CPU.ActiveCfg = Debug|Any CPU
		{CE07AC13-2995-4E89-8F91-2004ACC25594}.Debug|Any CPU.Build.0 = Debug|Any CPU
		{CE07AC13-2995-4E89-8F91-2004ACC25594}.Release|Any CPU.ActiveCfg = Release|Any CPU
		{CE07AC13-2995-4E89-8F91-2004ACC25594}.Release|Any CPU.Build.0 = Release|Any CPU
	EndGlobalSection
	GlobalSection(SolutionProperties) = preSolution
		HideSolutionNode = FALSE
	EndGlobalSection
	GlobalSection(ExtensibilityGlobals) = postSolution
		SolutionGuid = {F1B05C37-9E07-4AE1-908E-37C34DF0644C}
	EndGlobalSection
EndGlobal
